
Microsoft Visual Studio Solution File, Format Version 12.00
# Visual Studio Version 17
VisualStudioVersion = 17.4.33122.133
MinimumVisualStudioVersion = 10.0.40219.1
Project("{FAE04EC0-301F-11D3-BF4B-00C04F79EFBC}") = "FuzzyLogicWaterTemperature", "FuzzyLogicWaterTemperature.csproj", "{594C3A68-738E-4114-B926-E2CCF435A769}"
EndProject
Project("{FAE04EC0-301F-11D3-BF4B-00C04F79EFBC}") = "InferenceLibrary", "..\InferenceLibrary\InferenceLibrary.csproj", "{BE613BBD-4A72-434A-AB1E-07E1780F2973}"
EndProject
Global
	GlobalSection(SolutionConfigurationPlatforms) = preSolution
		Debug|Any CPU = Debug|Any CPU
		Release|Any CPU = Release|Any CPU
	EndGlobalSection
	GlobalSection(ProjectConfigurationPlatforms) = postSolution
		{594C3A68-738E-4114-B926-E2CCF435A769}.Debug|Any CPU.ActiveCfg = Debug|Any CPU
		{594C3A68-738E-4114-B926-E2CCF435A769}.Debug|Any CPU.Build.0 = Debug|Any CPU
		{594C3A68-738E-4114-B926-E2CCF435A769}.Release|Any CPU.ActiveCfg = Release|Any CPU
		{594C3A68-738E-4114-B926-E2CCF435A769}.Release|Any CPU.Build.0 = Release|Any CPU
		{BE613BBD-4A72-434A-AB1E-07E1780F2973}.Debug|Any CPU.ActiveCfg = Debug|Any CPU
		{BE613BBD-4A72-434A-AB1E-07E1780F2973}.Debug|Any CPU.Build.0 = Debug|Any CPU
		{BE613BBD-4A72-434A-AB1E-07E1780F2973}.Release|Any CPU.ActiveCfg = Release|Any CPU
		{BE613BBD-4A72-434A-AB1E-07E1780F2973}.Release|Any CPU.Build.0 = Release|Any CPU
	EndGlobalSection
	GlobalSection(SolutionProperties) = preSolution
		HideSolutionNode = FALSE
	EndGlobalSection
	GlobalSection(ExtensibilityGlobals) = postSolution
		SolutionGuid = {6920FCDB-BC37-48F6-978A-F6B254FA7892}
	EndGlobalSection
EndGlobal
